
Microsoft Visual Studio Solution File, Format Version 12.00
# Visual Studio Version 16
VisualStudioVersion = 16.0.30611.23
MinimumVisualStudioVersion = 10.0.40219.1
Project("{FAE04EC0-301F-11D3-BF4B-00C04F79EFBC}") = "webapp", "webapp\webapp.csproj", "{CC469D3D-8A7D-400F-B9C1-01A0BF7C1844}"
EndProject
Global
	GlobalSection(SolutionConfigurationPlatforms) = preSolution
		Debug|Any CPU = Debug|Any CPU
		Release|Any CPU = Release|Any CPU
	EndGlobalSection
	GlobalSection(ProjectConfigurationPlatforms) = postSolution
		{CC469D3D-8A7D-400F-B9C1-01A0BF7C1844}.Debug|Any CPU.ActiveCfg = Debug|Any CPU
		{CC469D3D-8A7D-400F-B9C1-01A0BF7C1844}.Debug|Any CPU.Build.0 = Debug|Any CPU
		{CC469D3D-8A7D-400F-B9C1-01A0BF7C1844}.Release|Any CPU.ActiveCfg = Release|Any CPU
		{CC469D3D-8A7D-400F-B9C1-01A0BF7C1844}.Release|Any CPU.Build.0 = Release|Any CPU
	EndGlobalSection
	GlobalSection(SolutionProperties) = preSolution
		HideSolutionNode = FALSE
	EndGlobalSection
	GlobalSection(ExtensibilityGlobals) = postSolution
		SolutionGuid = {16D0B303-D94C-4E5B-8740-B6BF5667BD66}
	EndGlobalSection
EndGlobal
